
Microsoft Visual Studio Solution File, Format Version 12.00
# Visual Studio 15
VisualStudioVersion = 15.0.27130.0
MinimumVisualStudioVersion = 10.0.40219.1
Project("{9A19103F-16F7-4668-BE54-9A1E7A4F7556}") = "Open.Social", "Open.Social\Open.Social.csproj", "{B6FDF622-ED4A-48D8-99D0-CAFEBB88EB06}"
EndProject
Project("{9A19103F-16F7-4668-BE54-9A1E7A4F7556}") = "Open.Social.Core", "Open.Social.Core\Open.Social.Core.csproj", "{3EE82454-A2A4-4B8D-80C8-0A7ECC9FB188}"
EndProject
Project("{9A19103F-16F7-4668-BE54-9A1E7A4F7556}") = "Open.Social.EF", "Open.Social.EF\Open.Social.EF.csproj", "{CE0099EE-2BEC-44DE-941A-A53263335328}"
EndProject
Project("{FAE04EC0-301F-11D3-BF4B-00C04F79EFBC}") = "Open.Social.AzureDocumentDb", "Open.Social.AzureDocumentDb\Open.Social.AzureDocumentDb.csproj", "{EF91F5C5-95C3-4CA4-A15D-0CB5A6130225}"
EndProject
Global
	GlobalSection(SolutionConfigurationPlatforms) = preSolution
		Debug|Any CPU = Debug|Any CPU
		Release|Any CPU = Release|Any CPU
	EndGlobalSection
	GlobalSection(ProjectConfigurationPlatforms) = postSolution
		{B6FDF622-ED4A-48D8-99D0-CAFEBB88EB06}.Debug|Any CPU.ActiveCfg = Debug|Any CPU
		{B6FDF622-ED4A-48D8-99D0-CAFEBB88EB06}.Debug|Any CPU.Build.0 = Debug|Any CPU
		{B6FDF622-ED4A-48D8-99D0-CAFEBB88EB06}.Release|Any CPU.ActiveCfg = Release|Any CPU
		{B6FDF622-ED4A-48D8-99D0-CAFEBB88EB06}.Release|Any CPU.Build.0 = Release|Any CPU
		{3EE82454-A2A4-4B8D-80C8-0A7ECC9FB188}.Debug|Any CPU.ActiveCfg = Debug|Any CPU
		{3EE82454-A2A4-4B8D-80C8-0A7ECC9FB188}.Debug|Any CPU.Build.0 = Debug|Any CPU
		{3EE82454-A2A4-4B8D-80C8-0A7ECC9FB188}.Release|Any CPU.ActiveCfg = Release|Any CPU
		{3EE82454-A2A4-4B8D-80C8-0A7ECC9FB188}.Release|Any CPU.Build.0 = Release|Any CPU
		{CE0099EE-2BEC-44DE-941A-A53263335328}.Debug|Any CPU.ActiveCfg = Debug|Any CPU
		{CE0099EE-2BEC-44DE-941A-A53263335328}.Debug|Any CPU.Build.0 = Debug|Any CPU
		{CE0099EE-2BEC-44DE-941A-A53263335328}.Release|Any CPU.ActiveCfg = Release|Any CPU
		{CE0099EE-2BEC-44DE-941A-A53263335328}.Release|Any CPU.Build.0 = Release|Any CPU
		{EF91F5C5-95C3-4CA4-A15D-0CB5A6130225}.Debug|Any CPU.ActiveCfg = Debug|Any CPU
		{EF91F5C5-95C3-4CA4-A15D-0CB5A6130225}.Debug|Any CPU.Build.0 = Debug|Any CPU
		{EF91F5C5-95C3-4CA4-A15D-0CB5A6130225}.Release|Any CPU.ActiveCfg = Release|Any CPU
		{EF91F5C5-95C3-4CA4-A15D-0CB5A6130225}.Release|Any CPU.Build.0 = Release|Any CPU
	EndGlobalSection
	GlobalSection(SolutionProperties) = preSolution
		HideSolutionNode = FALSE
	EndGlobalSection
	GlobalSection(ExtensibilityGlobals) = postSolution
		SolutionGuid = {CC8F0D18-2AC1-4DBC-98DE-D85665E16298}
	EndGlobalSection
EndGlobal
